// !$*UTF8*$!
{
	archiveVersion = 1;
	classes = {
	};
	objectVersion = 77;
	objects = {

/* Begin PBXAggregateTarget section */
		DC76412C2E6194390028FCDA /* AirborneAggregate */ = {
			isa = PBXAggregateTarget;
			buildConfigurationList = DC76412D2E6194390028FCDA /* Build configuration list for PBXAggregateTarget "AirborneAggregate" */;
			buildPhases = (
				DC7641312E61945B0028FCDA /* ShellScript */,
			);
			dependencies = (
			);
			name = AirborneAggregate;
			packageProductDependencies = (
			);
			productName = AirborneAggregate;
		};
/* End PBXAggregateTarget section */

/* Begin PBXBuildFile section */
		DCB6144D2E61924D0099D87E /* Airborne.swift in Sources */ = {isa = PBXBuildFile; fileRef = DCB6144B2E61924D0099D87E /* Airborne.swift */; };
		DCB6144E2E61924D0099D87E /* AJPApplicationManager.m in Sources */ = {isa = PBXBuildFile; fileRef = DCB614472E61924D0099D87E /* AJPApplicationManager.m */; };
		DCB6144F2E61924D0099D87E /* AJPApplicationConstants.m in Sources */ = {isa = PBXBuildFile; fileRef = DCB6143E2E61924D0099D87E /* AJPApplicationConstants.m */; };
		DCB614502E61924D0099D87E /* AJPApplicationConfig.m in Sources */ = {isa = PBXBuildFile; fileRef = DCB614322E61924D0099D87E /* AJPApplicationConfig.m */; };
		DCB614512E61924D0099D87E /* AJPApplicationManifest.m in Sources */ = {isa = PBXBuildFile; fileRef = DCB614352E61924D0099D87E /* AJPApplicationManifest.m */; };
		DCB614522E61924D0099D87E /* AJPResource.m in Sources */ = {isa = PBXBuildFile; fileRef = DCB614412E61924D0099D87E /* AJPResource.m */; };
		DCB614532E61924D0099D87E /* AJPApplicationPackage.m in Sources */ = {isa = PBXBuildFile; fileRef = DCB614382E61924D0099D87E /* AJPApplicationPackage.m */; };
		DCB614542E61924D0099D87E /* AJPApplicationResources.m in Sources */ = {isa = PBXBuildFile; fileRef = DCB6143B2E61924D0099D87E /* AJPApplicationResources.m */; };
		DCB614552E61924D0099D87E /* AJPApplicationTracker.m in Sources */ = {isa = PBXBuildFile; fileRef = DCB614442E61924D0099D87E /* AJPApplicationTracker.m */; };
		DCB614562E61924D0099D87E /* Airborne.h in Headers */ = {isa = PBXBuildFile; fileRef = DCB6144A2E61924D0099D87E /* Airborne.h */; settings = {ATTRIBUTES = (Public, ); }; };
		DCB614572E61924D0099D87E /* AJPApplicationManifest.h in Headers */ = {isa = PBXBuildFile; fileRef = DCB614342E61924D0099D87E /* AJPApplicationManifest.h */; settings = {ATTRIBUTES = (Public, ); }; };
		DCB614582E61924D0099D87E /* AJPApplicationResources.h in Headers */ = {isa = PBXBuildFile; fileRef = DCB6143A2E61924D0099D87E /* AJPApplicationResources.h */; settings = {ATTRIBUTES = (Public, ); }; };
		DCB614592E61924D0099D87E /* AJPApplicationManager.h in Headers */ = {isa = PBXBuildFile; fileRef = DCB614462E61924D0099D87E /* AJPApplicationManager.h */; settings = {ATTRIBUTES = (Public, ); }; };
		DCB6145A2E61924D0099D87E /* AJPApplicationManagerDelegate.h in Headers */ = {isa = PBXBuildFile; fileRef = DCB614482E61924D0099D87E /* AJPApplicationManagerDelegate.h */; settings = {ATTRIBUTES = (Public, ); }; };
		DCB6145B2E61924D0099D87E /* AJPApplicationConstants.h in Headers */ = {isa = PBXBuildFile; fileRef = DCB6143D2E61924D0099D87E /* AJPApplicationConstants.h */; };
		DCB6145C2E61924D0099D87E /* AJPApplicationConfig.h in Headers */ = {isa = PBXBuildFile; fileRef = DCB614312E61924D0099D87E /* AJPApplicationConfig.h */; settings = {ATTRIBUTES = (Public, ); }; };
		DCB6145D2E61924D0099D87E /* AJPResource.h in Headers */ = {isa = PBXBuildFile; fileRef = DCB614402E61924D0099D87E /* AJPResource.h */; settings = {ATTRIBUTES = (Public, ); }; };
		DCB6145E2E61924D0099D87E /* AJPApplicationTracker.h in Headers */ = {isa = PBXBuildFile; fileRef = DCB614432E61924D0099D87E /* AJPApplicationTracker.h */; };
		DCB6145F2E61924D0099D87E /* AJPApplicationPackage.h in Headers */ = {isa = PBXBuildFile; fileRef = DCB614372E61924D0099D87E /* AJPApplicationPackage.h */; settings = {ATTRIBUTES = (Public, ); }; };
		DCC582F82E827AE500E29833 /* AJPNetworkTypeDetector.h in Headers */ = {isa = PBXBuildFile; fileRef = DCC582F72E827AE500E29833 /* AJPNetworkTypeDetector.h */; };
		DCC582FA2E827B1900E29833 /* AJPNetworkTypeDetector.m in Sources */ = {isa = PBXBuildFile; fileRef = DCC582F92E827B1900E29833 /* AJPNetworkTypeDetector.m */; };
		DCC582FC2E82814C00E29833 /* AJPLoggerDelegate.h in Sources */ = {isa = PBXBuildFile; fileRef = DCC582FB2E82814C00E29833 /* AJPLoggerDelegate.h */; };
		DCC582FD2E8281B400E29833 /* AJPLoggerDelegate.h in Headers */ = {isa = PBXBuildFile; fileRef = DCC582FB2E82814C00E29833 /* AJPLoggerDelegate.h */; settings = {ATTRIBUTES = (Public, ); }; };
		DCC583062E8292B300E29833 /* AJPFileUtil.m in Sources */ = {isa = PBXBuildFile; fileRef = DCC583052E8292B300E29833 /* AJPFileUtil.m */; };
		DCC583072E8292B300E29833 /* AJPFileUtil.h in Headers */ = {isa = PBXBuildFile; fileRef = DCC583042E8292B300E29833 /* AJPFileUtil.h */; settings = {ATTRIBUTES = (Public, ); }; };
		DCC5830A2E82A55500E29833 /* AJPNetworkClient.m in Sources */ = {isa = PBXBuildFile; fileRef = DCC583092E82A55500E29833 /* AJPNetworkClient.m */; };
		DCC5830B2E82A55500E29833 /* AJPNetworkClient.h in Headers */ = {isa = PBXBuildFile; fileRef = DCC583082E82A55500E29833 /* AJPNetworkClient.h */; settings = {ATTRIBUTES = (Public, ); }; };
		DCC5830E2E82AA9500E29833 /* AJPRemoteFileUtil.m in Sources */ = {isa = PBXBuildFile; fileRef = DCC5830D2E82AA9500E29833 /* AJPRemoteFileUtil.m */; };
		DCC5830F2E82AA9500E29833 /* AJPRemoteFileUtil.h in Headers */ = {isa = PBXBuildFile; fileRef = DCC5830C2E82AA9500E29833 /* AJPRemoteFileUtil.h */; settings = {ATTRIBUTES = (Public, ); }; };
		DCC583392E83B95600E29833 /* AJPHelpers.h in Headers */ = {isa = PBXBuildFile; fileRef = DCC583372E83B95600E29833 /* AJPHelpers.h */; };
		DCC5833A2E83B95600E29833 /* AJPHelpers.m in Sources */ = {isa = PBXBuildFile; fileRef = DCC583382E83B95600E29833 /* AJPHelpers.m */; };
/* End PBXBuildFile section */

/* Begin PBXFileReference section */
		DC76412B2E61931B0028FCDA /* Airborne.modulemap */ = {isa = PBXFileReference; lastKnownFileType = "sourcecode.module-map"; path = Airborne.modulemap; sourceTree = "<group>"; };
		DCB613FB2E6191FB0099D87E /* Airborne.framework */ = {isa = PBXFileReference; explicitFileType = wrapper.framework; includeInIndex = 0; path = Airborne.framework; sourceTree = BUILT_PRODUCTS_DIR; };
		DCB614312E61924D0099D87E /* AJPApplicationConfig.h */ = {isa = PBXFileReference; lastKnownFileType = sourcecode.c.h; path = AJPApplicationConfig.h; sourceTree = "<group>"; };
		DCB614322E61924D0099D87E /* AJPApplicationConfig.m */ = {isa = PBXFileReference; lastKnownFileType = sourcecode.c.objc; path = AJPApplicationConfig.m; sourceTree = "<group>"; };
		DCB614342E61924D0099D87E /* AJPApplicationManifest.h */ = {isa = PBXFileReference; lastKnownFileType = sourcecode.c.h; path = AJPApplicationManifest.h; sourceTree = "<group>"; };
		DCB614352E61924D0099D87E /* AJPApplicationManifest.m */ = {isa = PBXFileReference; lastKnownFileType = sourcecode.c.objc; path = AJPApplicationManifest.m; sourceTree = "<group>"; };
		DCB614372E61924D0099D87E /* AJPApplicationPackage.h */ = {isa = PBXFileReference; lastKnownFileType = sourcecode.c.h; path = AJPApplicationPackage.h; sourceTree = "<group>"; };
		DCB614382E61924D0099D87E /* AJPApplicationPackage.m */ = {isa = PBXFileReference; lastKnownFileType = sourcecode.c.objc; path = AJPApplicationPackage.m; sourceTree = "<group>"; };
		DCB6143A2E61924D0099D87E /* AJPApplicationResources.h */ = {isa = PBXFileReference; lastKnownFileType = sourcecode.c.h; path = AJPApplicationResources.h; sourceTree = "<group>"; };
		DCB6143B2E61924D0099D87E /* AJPApplicationResources.m */ = {isa = PBXFileReference; lastKnownFileType = sourcecode.c.objc; path = AJPApplicationResources.m; sourceTree = "<group>"; };
		DCB6143D2E61924D0099D87E /* AJPApplicationConstants.h */ = {isa = PBXFileReference; lastKnownFileType = sourcecode.c.h; path = AJPApplicationConstants.h; sourceTree = "<group>"; };
		DCB6143E2E61924D0099D87E /* AJPApplicationConstants.m */ = {isa = PBXFileReference; lastKnownFileType = sourcecode.c.objc; path = AJPApplicationConstants.m; sourceTree = "<group>"; };
		DCB614402E61924D0099D87E /* AJPResource.h */ = {isa = PBXFileReference; lastKnownFileType = sourcecode.c.h; path = AJPResource.h; sourceTree = "<group>"; };
		DCB614412E61924D0099D87E /* AJPResource.m */ = {isa = PBXFileReference; lastKnownFileType = sourcecode.c.objc; path = AJPResource.m; sourceTree = "<group>"; };
		DCB614432E61924D0099D87E /* AJPApplicationTracker.h */ = {isa = PBXFileReference; lastKnownFileType = sourcecode.c.h; path = AJPApplicationTracker.h; sourceTree = "<group>"; };
		DCB614442E61924D0099D87E /* AJPApplicationTracker.m */ = {isa = PBXFileReference; lastKnownFileType = sourcecode.c.objc; path = AJPApplicationTracker.m; sourceTree = "<group>"; };
		DCB614462E61924D0099D87E /* AJPApplicationManager.h */ = {isa = PBXFileReference; lastKnownFileType = sourcecode.c.h; path = AJPApplicationManager.h; sourceTree = "<group>"; };
		DCB614472E61924D0099D87E /* AJPApplicationManager.m */ = {isa = PBXFileReference; lastKnownFileType = sourcecode.c.objc; path = AJPApplicationManager.m; sourceTree = "<group>"; };
		DCB614482E61924D0099D87E /* AJPApplicationManagerDelegate.h */ = {isa = PBXFileReference; lastKnownFileType = sourcecode.c.h; path = AJPApplicationManagerDelegate.h; sourceTree = "<group>"; };
		DCB6144A2E61924D0099D87E /* Airborne.h */ = {isa = PBXFileReference; lastKnownFileType = sourcecode.c.h; path = Airborne.h; sourceTree = "<group>"; };
		DCB6144B2E61924D0099D87E /* Airborne.swift */ = {isa = PBXFileReference; lastKnownFileType = sourcecode.swift; path = Airborne.swift; sourceTree = "<group>"; };
		DCC582F72E827AE500E29833 /* AJPNetworkTypeDetector.h */ = {isa = PBXFileReference; lastKnownFileType = sourcecode.c.h; path = AJPNetworkTypeDetector.h; sourceTree = "<group>"; };
		DCC582F92E827B1900E29833 /* AJPNetworkTypeDetector.m */ = {isa = PBXFileReference; lastKnownFileType = sourcecode.c.objc; path = AJPNetworkTypeDetector.m; sourceTree = "<group>"; };
		DCC582FB2E82814C00E29833 /* AJPLoggerDelegate.h */ = {isa = PBXFileReference; lastKnownFileType = sourcecode.c.h; path = AJPLoggerDelegate.h; sourceTree = "<group>"; };
		DCC583042E8292B300E29833 /* AJPFileUtil.h */ = {isa = PBXFileReference; lastKnownFileType = sourcecode.c.h; path = AJPFileUtil.h; sourceTree = "<group>"; };
		DCC583052E8292B300E29833 /* AJPFileUtil.m */ = {isa = PBXFileReference; lastKnownFileType = sourcecode.c.objc; path = AJPFileUtil.m; sourceTree = "<group>"; };
		DCC583082E82A55500E29833 /* AJPNetworkClient.h */ = {isa = PBXFileReference; lastKnownFileType = sourcecode.c.h; path = AJPNetworkClient.h; sourceTree = "<group>"; };
		DCC583092E82A55500E29833 /* AJPNetworkClient.m */ = {isa = PBXFileReference; lastKnownFileType = sourcecode.c.objc; path = AJPNetworkClient.m; sourceTree = "<group>"; };
		DCC5830C2E82AA9500E29833 /* AJPRemoteFileUtil.h */ = {isa = PBXFileReference; lastKnownFileType = sourcecode.c.h; path = AJPRemoteFileUtil.h; sourceTree = "<group>"; };
		DCC5830D2E82AA9500E29833 /* AJPRemoteFileUtil.m */ = {isa = PBXFileReference; lastKnownFileType = sourcecode.c.objc; path = AJPRemoteFileUtil.m; sourceTree = "<group>"; };
		DCC583372E83B95600E29833 /* AJPHelpers.h */ = {isa = PBXFileReference; lastKnownFileType = sourcecode.c.h; path = AJPHelpers.h; sourceTree = "<group>"; };
		DCC583382E83B95600E29833 /* AJPHelpers.m */ = {isa = PBXFileReference; lastKnownFileType = sourcecode.c.objc; path = AJPHelpers.m; sourceTree = "<group>"; };
/* End PBXFileReference section */

/* Begin PBXFrameworksBuildPhase section */
		DCB613F82E6191FB0099D87E /* Frameworks */ = {
			isa = PBXFrameworksBuildPhase;
			buildActionMask = 2147483647;
			files = (
			);
			runOnlyForDeploymentPostprocessing = 0;
		};
/* End PBXFrameworksBuildPhase section */

/* Begin PBXGroup section */
		DC7641262E6192BC0028FCDA /* Frameworks */ = {
			isa = PBXGroup;
			children = (
			);
			name = Frameworks;
			sourceTree = "<group>";
		};
		DCB613F12E6191FB0099D87E = {
			isa = PBXGroup;
			children = (
				DCB6144C2E61924D0099D87E /* Airborne */,
				DC7641262E6192BC0028FCDA /* Frameworks */,
				DCB613FC2E6191FB0099D87E /* Products */,
			);
			sourceTree = "<group>";
		};
		DCB613FC2E6191FB0099D87E /* Products */ = {
			isa = PBXGroup;
			children = (
				DCB613FB2E6191FB0099D87E /* Airborne.framework */,
			);
			name = Products;
			sourceTree = "<group>";
		};
		DCB614332E61924D0099D87E /* AppConfig */ = {
			isa = PBXGroup;
			children = (
				DCB614312E61924D0099D87E /* AJPApplicationConfig.h */,
				DCB614322E61924D0099D87E /* AJPApplicationConfig.m */,
			);
			path = AppConfig;
			sourceTree = "<group>";
		};
		DCB614362E61924D0099D87E /* AppManifest */ = {
			isa = PBXGroup;
			children = (
				DCB614342E61924D0099D87E /* AJPApplicationManifest.h */,
				DCB614352E61924D0099D87E /* AJPApplicationManifest.m */,
			);
			path = AppManifest;
			sourceTree = "<group>";
		};
		DCB614392E61924D0099D87E /* AppPackage */ = {
			isa = PBXGroup;
			children = (
				DCB614372E61924D0099D87E /* AJPApplicationPackage.h */,
				DCB614382E61924D0099D87E /* AJPApplicationPackage.m */,
			);
			path = AppPackage;
			sourceTree = "<group>";
		};
		DCB6143C2E61924D0099D87E /* AppResources */ = {
			isa = PBXGroup;
			children = (
				DCB6143A2E61924D0099D87E /* AJPApplicationResources.h */,
				DCB6143B2E61924D0099D87E /* AJPApplicationResources.m */,
			);
			path = AppResources;
			sourceTree = "<group>";
		};
		DCB6143F2E61924D0099D87E /* Constants */ = {
			isa = PBXGroup;
			children = (
				DCB6143D2E61924D0099D87E /* AJPApplicationConstants.h */,
				DCB6143E2E61924D0099D87E /* AJPApplicationConstants.m */,
			);
			path = Constants;
			sourceTree = "<group>";
		};
		DCB614422E61924D0099D87E /* Resource */ = {
			isa = PBXGroup;
			children = (
				DCB614402E61924D0099D87E /* AJPResource.h */,
				DCB614412E61924D0099D87E /* AJPResource.m */,
			);
			path = Resource;
			sourceTree = "<group>";
		};
		DCB614452E61924D0099D87E /* Tracker */ = {
			isa = PBXGroup;
			children = (
				DCC582FB2E82814C00E29833 /* AJPLoggerDelegate.h */,
				DCB614432E61924D0099D87E /* AJPApplicationTracker.h */,
				DCB614442E61924D0099D87E /* AJPApplicationTracker.m */,
			);
			path = Tracker;
			sourceTree = "<group>";
		};
		DCB614492E61924D0099D87E /* ApplicationManager */ = {
			isa = PBXGroup;
			children = (
				DCB614332E61924D0099D87E /* AppConfig */,
				DCB614362E61924D0099D87E /* AppManifest */,
				DCB614392E61924D0099D87E /* AppPackage */,
				DCB6143C2E61924D0099D87E /* AppResources */,
				DCB6143F2E61924D0099D87E /* Constants */,
				DCB614422E61924D0099D87E /* Resource */,
				DCB614452E61924D0099D87E /* Tracker */,
				DCB614462E61924D0099D87E /* AJPApplicationManager.h */,
				DCB614472E61924D0099D87E /* AJPApplicationManager.m */,
				DCB614482E61924D0099D87E /* AJPApplicationManagerDelegate.h */,
			);
			path = ApplicationManager;
			sourceTree = "<group>";
		};
		DCB6144C2E61924D0099D87E /* Airborne */ = {
			isa = PBXGroup;
			children = (
				DCB6144A2E61924D0099D87E /* Airborne.h */,
				DCB6144B2E61924D0099D87E /* Airborne.swift */,
				DCB614492E61924D0099D87E /* ApplicationManager */,
				DCC583302E83B4C900E29833 /* FileUtil */,
				DCC5833B2E83BBC800E29833 /* Network */,
				DCC583332E83B51000E29833 /* Helper */,
				DC76412B2E61931B0028FCDA /* Airborne.modulemap */,
			);
			path = Airborne;
			sourceTree = "<group>";
		};
		DCC583302E83B4C900E29833 /* FileUtil */ = {
			isa = PBXGroup;
			children = (
				DCC583042E8292B300E29833 /* AJPFileUtil.h */,
				DCC583052E8292B300E29833 /* AJPFileUtil.m */,
			);
			path = FileUtil;
			sourceTree = "<group>";
		};
		DCC583312E83B4D500E29833 /* NetworkClient */ = {
			isa = PBXGroup;
			children = (
				DCC583082E82A55500E29833 /* AJPNetworkClient.h */,
				DCC583092E82A55500E29833 /* AJPNetworkClient.m */,
			);
			path = NetworkClient;
			sourceTree = "<group>";
		};
		DCC583322E83B4E900E29833 /* RemoteFileUtil */ = {
			isa = PBXGroup;
			children = (
				DCC5830C2E82AA9500E29833 /* AJPRemoteFileUtil.h */,
				DCC5830D2E82AA9500E29833 /* AJPRemoteFileUtil.m */,
			);
			path = RemoteFileUtil;
			sourceTree = "<group>";
		};
		DCC583332E83B51000E29833 /* Helper */ = {
			isa = PBXGroup;
			children = (
				DCC583372E83B95600E29833 /* AJPHelpers.h */,
				DCC583382E83B95600E29833 /* AJPHelpers.m */,
			);
			path = Helper;
			sourceTree = "<group>";
		};
		DCC583342E83B52C00E29833 /* NetworkDetector */ = {
			isa = PBXGroup;
			children = (
				DCC582F72E827AE500E29833 /* AJPNetworkTypeDetector.h */,
				DCC582F92E827B1900E29833 /* AJPNetworkTypeDetector.m */,
			);
			path = NetworkDetector;
			sourceTree = "<group>";
		};
		DCC5833B2E83BBC800E29833 /* Network */ = {
			isa = PBXGroup;
			children = (
				DCC583342E83B52C00E29833 /* NetworkDetector */,
				DCC583312E83B4D500E29833 /* NetworkClient */,
				DCC583322E83B4E900E29833 /* RemoteFileUtil */,
			);
			path = Network;
			sourceTree = "<group>";
		};
/* End PBXGroup section */

/* Begin PBXHeadersBuildPhase section */
		DCB613F62E6191FB0099D87E /* Headers */ = {
			isa = PBXHeadersBuildPhase;
			buildActionMask = 2147483647;
			files = (
				DCB614562E61924D0099D87E /* Airborne.h in Headers */,
				DCB614582E61924D0099D87E /* AJPApplicationResources.h in Headers */,
				DCB614592E61924D0099D87E /* AJPApplicationManager.h in Headers */,
				DCC583392E83B95600E29833 /* AJPHelpers.h in Headers */,
				DCB6145A2E61924D0099D87E /* AJPApplicationManagerDelegate.h in Headers */,
				DCB6145C2E61924D0099D87E /* AJPApplicationConfig.h in Headers */,
				DCC582F82E827AE500E29833 /* AJPNetworkTypeDetector.h in Headers */,
				DCB6145D2E61924D0099D87E /* AJPResource.h in Headers */,
				DCB6145F2E61924D0099D87E /* AJPApplicationPackage.h in Headers */,
				DCC5830F2E82AA9500E29833 /* AJPRemoteFileUtil.h in Headers */,
				DCC5830B2E82A55500E29833 /* AJPNetworkClient.h in Headers */,
				DCC583072E8292B300E29833 /* AJPFileUtil.h in Headers */,
				DCC582FD2E8281B400E29833 /* AJPLoggerDelegate.h in Headers */,
				DCB614572E61924D0099D87E /* AJPApplicationManifest.h in Headers */,
				DCB6145B2E61924D0099D87E /* AJPApplicationConstants.h in Headers */,
				DCB6145E2E61924D0099D87E /* AJPApplicationTracker.h in Headers */,
			);
			runOnlyForDeploymentPostprocessing = 0;
		};
/* End PBXHeadersBuildPhase section */

/* Begin PBXNativeTarget section */
		DCB613FA2E6191FB0099D87E /* Airborne */ = {
			isa = PBXNativeTarget;
			buildConfigurationList = DCB614022E6191FB0099D87E /* Build configuration list for PBXNativeTarget "Airborne" */;
			buildPhases = (
				DCB613F62E6191FB0099D87E /* Headers */,
				DCB613F72E6191FB0099D87E /* Sources */,
				DCB613F82E6191FB0099D87E /* Frameworks */,
				DCB613F92E6191FB0099D87E /* Resources */,
			);
			buildRules = (
			);
			dependencies = (
			);
			name = Airborne;
			packageProductDependencies = (
			);
			productName = Airborne;
			productReference = DCB613FB2E6191FB0099D87E /* Airborne.framework */;
			productType = "com.apple.product-type.framework";
		};
/* End PBXNativeTarget section */

/* Begin PBXProject section */
		DCB613F22E6191FB0099D87E /* Project object */ = {
			isa = PBXProject;
			attributes = {
				BuildIndependentTargetsInParallel = 1;
				LastSwiftUpdateCheck = 1640;
				LastUpgradeCheck = 1640;
				TargetAttributes = {
					DC76412C2E6194390028FCDA = {
						CreatedOnToolsVersion = 16.4;
					};
					DCB613FA2E6191FB0099D87E = {
						CreatedOnToolsVersion = 16.4;
					};
				};
			};
			buildConfigurationList = DCB613F52E6191FB0099D87E /* Build configuration list for PBXProject "Airborne" */;
			developmentRegion = en;
			hasScannedForEncodings = 0;
			knownRegions = (
				en,
				Base,
			);
			mainGroup = DCB613F12E6191FB0099D87E;
			minimizedProjectReferenceProxies = 1;
			preferredProjectObjectVersion = 77;
			productRefGroup = DCB613FC2E6191FB0099D87E /* Products */;
			projectDirPath = "";
			projectRoot = "";
			targets = (
				DCB613FA2E6191FB0099D87E /* Airborne */,
				DC76412C2E6194390028FCDA /* AirborneAggregate */,
			);
		};
/* End PBXProject section */

/* Begin PBXResourcesBuildPhase section */
		DCB613F92E6191FB0099D87E /* Resources */ = {
			isa = PBXResourcesBuildPhase;
			buildActionMask = 2147483647;
			files = (
			);
			runOnlyForDeploymentPostprocessing = 0;
		};
/* End PBXResourcesBuildPhase section */

/* Begin PBXShellScriptBuildPhase section */
		DC7641312E61945B0028FCDA /* ShellScript */ = {
			isa = PBXShellScriptBuildPhase;
			buildActionMask = 2147483647;
			files = (
			);
			inputFileListPaths = (
			);
			inputPaths = (
			);
			outputFileListPaths = (
			);
			outputPaths = (
			);
			runOnlyForDeploymentPostprocessing = 0;
			shellPath = /bin/sh;
			shellScript = "#!/bin/sh\nFRAMEWORK_NAME=\"Airborne\"\n\nFRAMEWORK=\"${UNIVERSAL_LIBRARY_DIR}/${FRAMEWORK_NAME}.framework\"\n\nOUTPUT_DIR=\"./${FRAMEWORK_NAME}-Framework\"\n\n# Clean and build the framework for the iOS simulator\nxcodebuild -project ${FRAMEWORK_NAME}.xcodeproj \\\n    -scheme ${FRAMEWORK_NAME} \\\n    -sdk iphonesimulator \\\n    -configuration ${CONFIGURATION} \\\n    -destination 'generic/platform=iOS Simulator' \\\n    clean build \\\n    CONFIGURATION_BUILD_DIR=${BUILD_DIR}/Release-iphonesimulator \\\n    -UseModernBuildSystem=YES > /dev/null\n\n# Clean and build the framework for iOS devices\nxcodebuild -project ${FRAMEWORK_NAME}.xcodeproj \\\n    -scheme ${FRAMEWORK_NAME} \\\n    -sdk iphoneos \\\n    -configuration ${CONFIGURATION} \\\n    -destination 'generic/platform=iOS' \\\n    build \\\n    CONFIGURATION_BUILD_DIR=${BUILD_DIR}/${CONFIGURATION}-iphoneos \\\n    -UseModernBuildSystem=YES > /dev/null\n\n# Remove any existing build directories\nrm -rf \"${BUILD_DIR}/iphone\"\nrm -rf \"${BUILD_DIR}/simulator\"\n\n# Create directories to hold device and simulator builds\nmkdir \"${BUILD_DIR}/iphone\"\nmkdir \"${BUILD_DIR}/simulator\"\n\nrm -rf ${BUILD_DIR}/${FRAMEWORK_NAME}.xcframework\ncp -r ${BUILD_DIR}/${CONFIGURATION}-iphoneos/${FRAMEWORK_NAME}.framework ${BUILD_DIR}/iphone/${FRAMEWORK_NAME}.framework\ncp -r ${BUILD_DIR}/${CONFIGURATION}-iphonesimulator/${FRAMEWORK_NAME}.framework ${BUILD_DIR}/simulator/${FRAMEWORK_NAME}.framework\n\n# Create an XCFramework from the device and simulator builds\nxcrun xcodebuild -create-xcframework -framework ${BUILD_DIR}/iphone/${FRAMEWORK_NAME}.framework -framework ${BUILD_DIR}/simulator/${FRAMEWORK_NAME}.framework -output ${BUILD_DIR}/${FRAMEWORK_NAME}.xcframework\n\nrm -rf \"$OUTPUT_DIR/${FRAMEWORK_NAME}.xcframework\"\nmkdir -p \"$OUTPUT_DIR\"\n\n# Copy the XCFramework to the output directory\ncp -r ${BUILD_DIR}/${FRAMEWORK_NAME}.xcframework ${OUTPUT_DIR}\n\nopen \"${OUTPUT_DIR}\"\n\n";
		};
/* End PBXShellScriptBuildPhase section */

/* Begin PBXSourcesBuildPhase section */
		DCB613F72E6191FB0099D87E /* Sources */ = {
			isa = PBXSourcesBuildPhase;
			buildActionMask = 2147483647;
			files = (
				DCB6144D2E61924D0099D87E /* Airborne.swift in Sources */,
				DCC583062E8292B300E29833 /* AJPFileUtil.m in Sources */,
				DCB6144E2E61924D0099D87E /* AJPApplicationManager.m in Sources */,
				DCB6144F2E61924D0099D87E /* AJPApplicationConstants.m in Sources */,
				DCB614502E61924D0099D87E /* AJPApplicationConfig.m in Sources */,
				DCC582FA2E827B1900E29833 /* AJPNetworkTypeDetector.m in Sources */,
				DCB614512E61924D0099D87E /* AJPApplicationManifest.m in Sources */,
				DCC5830E2E82AA9500E29833 /* AJPRemoteFileUtil.m in Sources */,
				DCC5833A2E83B95600E29833 /* AJPHelpers.m in Sources */,
				DCB614522E61924D0099D87E /* AJPResource.m in Sources */,
				DCB614532E61924D0099D87E /* AJPApplicationPackage.m in Sources */,
				DCB614542E61924D0099D87E /* AJPApplicationResources.m in Sources */,
				DCC5830A2E82A55500E29833 /* AJPNetworkClient.m in Sources */,
				DCC582FC2E82814C00E29833 /* AJPLoggerDelegate.h in Sources */,
				DCB614552E61924D0099D87E /* AJPApplicationTracker.m in Sources */,
			);
			runOnlyForDeploymentPostprocessing = 0;
		};
/* End PBXSourcesBuildPhase section */

/* Begin XCBuildConfiguration section */
		DC76412E2E6194390028FCDA /* Debug */ = {
			isa = XCBuildConfiguration;
			buildSettings = {
				CODE_SIGN_STYLE = Automatic;
				ENABLE_USER_SCRIPT_SANDBOXING = NO;
				PRODUCT_NAME = "$(TARGET_NAME)";
			};
			name = Debug;
		};
		DC76412F2E6194390028FCDA /* Release */ = {
			isa = XCBuildConfiguration;
			buildSettings = {
				CODE_SIGN_STYLE = Automatic;
				ENABLE_USER_SCRIPT_SANDBOXING = NO;
				PRODUCT_NAME = "$(TARGET_NAME)";
			};
			name = Release;
		};
		DCB614002E6191FB0099D87E /* Debug */ = {
			isa = XCBuildConfiguration;
			buildSettings = {
				ALWAYS_SEARCH_USER_PATHS = NO;
				ASSETCATALOG_COMPILER_GENERATE_SWIFT_ASSET_SYMBOL_EXTENSIONS = YES;
				CLANG_ANALYZER_NONNULL = YES;
				CLANG_ANALYZER_NUMBER_OBJECT_CONVERSION = YES_AGGRESSIVE;
				CLANG_CXX_LANGUAGE_STANDARD = "gnu++20";
				CLANG_ENABLE_MODULES = YES;
				CLANG_ENABLE_OBJC_ARC = YES;
				CLANG_ENABLE_OBJC_WEAK = YES;
				CLANG_WARN_BLOCK_CAPTURE_AUTORELEASING = YES;
				CLANG_WARN_BOOL_CONVERSION = YES;
				CLANG_WARN_COMMA = YES;
				CLANG_WARN_CONSTANT_CONVERSION = YES;
				CLANG_WARN_DEPRECATED_OBJC_IMPLEMENTATIONS = YES;
				CLANG_WARN_DIRECT_OBJC_ISA_USAGE = YES_ERROR;
				CLANG_WARN_DOCUMENTATION_COMMENTS = YES;
				CLANG_WARN_EMPTY_BODY = YES;
				CLANG_WARN_ENUM_CONVERSION = YES;
				CLANG_WARN_INFINITE_RECURSION = YES;
				CLANG_WARN_INT_CONVERSION = YES;
				CLANG_WARN_NON_LITERAL_NULL_CONVERSION = YES;
				CLANG_WARN_OBJC_IMPLICIT_RETAIN_SELF = YES;
				CLANG_WARN_OBJC_LITERAL_CONVERSION = YES;
				CLANG_WARN_OBJC_ROOT_CLASS = YES_ERROR;
				CLANG_WARN_QUOTED_INCLUDE_IN_FRAMEWORK_HEADER = YES;
				CLANG_WARN_RANGE_LOOP_ANALYSIS = YES;
				CLANG_WARN_STRICT_PROTOTYPES = YES;
				CLANG_WARN_SUSPICIOUS_MOVE = YES;
				CLANG_WARN_UNGUARDED_AVAILABILITY = YES_AGGRESSIVE;
				CLANG_WARN_UNREACHABLE_CODE = YES;
				CLANG_WARN__DUPLICATE_METHOD_MATCH = YES;
				COPY_PHASE_STRIP = NO;
				CURRENT_PROJECT_VERSION = 1;
				DEBUG_INFORMATION_FORMAT = dwarf;
				ENABLE_STRICT_OBJC_MSGSEND = YES;
				ENABLE_TESTABILITY = YES;
				ENABLE_USER_SCRIPT_SANDBOXING = YES;
				GCC_C_LANGUAGE_STANDARD = gnu17;
				GCC_DYNAMIC_NO_PIC = NO;
				GCC_NO_COMMON_BLOCKS = YES;
				GCC_OPTIMIZATION_LEVEL = 0;
				GCC_PREPROCESSOR_DEFINITIONS = (
					"DEBUG=1",
					"$(inherited)",
				);
				GCC_WARN_64_TO_32_BIT_CONVERSION = YES;
				GCC_WARN_ABOUT_RETURN_TYPE = YES_ERROR;
				GCC_WARN_UNDECLARED_SELECTOR = YES;
				GCC_WARN_UNINITIALIZED_AUTOS = YES_AGGRESSIVE;
				GCC_WARN_UNUSED_FUNCTION = YES;
				GCC_WARN_UNUSED_VARIABLE = YES;
				IPHONEOS_DEPLOYMENT_TARGET = 12.0;
				LOCALIZATION_PREFERS_STRING_CATALOGS = YES;
				MTL_ENABLE_DEBUG_INFO = INCLUDE_SOURCE;
				MTL_FAST_MATH = YES;
				ONLY_ACTIVE_ARCH = YES;
				SDKROOT = iphoneos;
				SWIFT_ACTIVE_COMPILATION_CONDITIONS = "DEBUG $(inherited)";
				SWIFT_OPTIMIZATION_LEVEL = "-Onone";
				VERSIONING_SYSTEM = "apple-generic";
				VERSION_INFO_PREFIX = "";
			};
			name = Debug;
		};
		DCB614012E6191FB0099D87E /* Release */ = {
			isa = XCBuildConfiguration;
			buildSettings = {
				ALWAYS_SEARCH_USER_PATHS = NO;
				ASSETCATALOG_COMPILER_GENERATE_SWIFT_ASSET_SYMBOL_EXTENSIONS = YES;
				CLANG_ANALYZER_NONNULL = YES;
				CLANG_ANALYZER_NUMBER_OBJECT_CONVERSION = YES_AGGRESSIVE;
				CLANG_CXX_LANGUAGE_STANDARD = "gnu++20";
				CLANG_ENABLE_MODULES = YES;
				CLANG_ENABLE_OBJC_ARC = YES;
				CLANG_ENABLE_OBJC_WEAK = YES;
				CLANG_WARN_BLOCK_CAPTURE_AUTORELEASING = YES;
				CLANG_WARN_BOOL_CONVERSION = YES;
				CLANG_WARN_COMMA = YES;
				CLANG_WARN_CONSTANT_CONVERSION = YES;
				CLANG_WARN_DEPRECATED_OBJC_IMPLEMENTATIONS = YES;
				CLANG_WARN_DIRECT_OBJC_ISA_USAGE = YES_ERROR;
				CLANG_WARN_DOCUMENTATION_COMMENTS = YES;
				CLANG_WARN_EMPTY_BODY = YES;
				CLANG_WARN_ENUM_CONVERSION = YES;
				CLANG_WARN_INFINITE_RECURSION = YES;
				CLANG_WARN_INT_CONVERSION = YES;
				CLANG_WARN_NON_LITERAL_NULL_CONVERSION = YES;
				CLANG_WARN_OBJC_IMPLICIT_RETAIN_SELF = YES;
				CLANG_WARN_OBJC_LITERAL_CONVERSION = YES;
				CLANG_WARN_OBJC_ROOT_CLASS = YES_ERROR;
				CLANG_WARN_QUOTED_INCLUDE_IN_FRAMEWORK_HEADER = YES;
				CLANG_WARN_RANGE_LOOP_ANALYSIS = YES;
				CLANG_WARN_STRICT_PROTOTYPES = YES;
				CLANG_WARN_SUSPICIOUS_MOVE = YES;
				CLANG_WARN_UNGUARDED_AVAILABILITY = YES_AGGRESSIVE;
				CLANG_WARN_UNREACHABLE_CODE = YES;
				CLANG_WARN__DUPLICATE_METHOD_MATCH = YES;
				COPY_PHASE_STRIP = NO;
				CURRENT_PROJECT_VERSION = 1;
				DEBUG_INFORMATION_FORMAT = "dwarf-with-dsym";
				ENABLE_NS_ASSERTIONS = NO;
				ENABLE_STRICT_OBJC_MSGSEND = YES;
				ENABLE_USER_SCRIPT_SANDBOXING = YES;
				GCC_C_LANGUAGE_STANDARD = gnu17;
				GCC_NO_COMMON_BLOCKS = YES;
				GCC_WARN_64_TO_32_BIT_CONVERSION = YES;
				GCC_WARN_ABOUT_RETURN_TYPE = YES_ERROR;
				GCC_WARN_UNDECLARED_SELECTOR = YES;
				GCC_WARN_UNINITIALIZED_AUTOS = YES_AGGRESSIVE;
				GCC_WARN_UNUSED_FUNCTION = YES;
				GCC_WARN_UNUSED_VARIABLE = YES;
				IPHONEOS_DEPLOYMENT_TARGET = 12.0;
				LOCALIZATION_PREFERS_STRING_CATALOGS = YES;
				MTL_ENABLE_DEBUG_INFO = NO;
				MTL_FAST_MATH = YES;
				SDKROOT = iphoneos;
				SWIFT_COMPILATION_MODE = wholemodule;
				VALIDATE_PRODUCT = YES;
				VERSIONING_SYSTEM = "apple-generic";
				VERSION_INFO_PREFIX = "";
			};
			name = Release;
		};
		DCB614032E6191FB0099D87E /* Debug */ = {
			isa = XCBuildConfiguration;
			buildSettings = {
				BUILD_LIBRARY_FOR_DISTRIBUTION = YES;
				CODE_SIGN_STYLE = Automatic;
				CURRENT_PROJECT_VERSION = 1;
				DEFINES_MODULE = YES;
				DYLIB_COMPATIBILITY_VERSION = 1;
				DYLIB_CURRENT_VERSION = 1;
				DYLIB_INSTALL_NAME_BASE = "@rpath";
				ENABLE_MODULE_VERIFIER = YES;
				ENABLE_USER_SCRIPT_SANDBOXING = NO;
				FRAMEWORK_SEARCH_PATHS = "";
				GENERATE_INFOPLIST_FILE = YES;
				INFOPLIST_KEY_NSHumanReadableCopyright = "";
				INSTALL_PATH = "$(LOCAL_LIBRARY_DIR)/Frameworks";
				IPHONEOS_DEPLOYMENT_TARGET = 12.0;
				LD_RUNPATH_SEARCH_PATHS = (
					"$(inherited)",
					"@executable_path/Frameworks",
					"@loader_path/Frameworks",
				);
				MARKETING_VERSION = 1.0;
				MODULEMAP_FILE = Airborne/Airborne.modulemap;
				MODULE_VERIFIER_SUPPORTED_LANGUAGES = "objective-c objective-c++";
				MODULE_VERIFIER_SUPPORTED_LANGUAGE_STANDARDS = "gnu17 gnu++20";
				PRODUCT_BUNDLE_IDENTIFIER = in.juspay.Airborne;
				PRODUCT_NAME = "$(TARGET_NAME:c99extidentifier)";
				SKIP_INSTALL = YES;
				SWIFT_EMIT_LOC_STRINGS = YES;
				SWIFT_INSTALL_MODULE = YES;
				SWIFT_INSTALL_OBJC_HEADER = NO;
				SWIFT_VERSION = 5.0;
				TARGETED_DEVICE_FAMILY = "1,2";
			};
			name = Debug;
		};
		DCB614042E6191FB0099D87E /* Release */ = {
			isa = XCBuildConfiguration;
			buildSettings = {
				BUILD_LIBRARY_FOR_DISTRIBUTION = YES;
				CODE_SIGN_STYLE = Automatic;
				CURRENT_PROJECT_VERSION = 1;
				DEFINES_MODULE = YES;
				DYLIB_COMPATIBILITY_VERSION = 1;
				DYLIB_CURRENT_VERSION = 1;
				DYLIB_INSTALL_NAME_BASE = "@rpath";
				ENABLE_MODULE_VERIFIER = YES;
				ENABLE_USER_SCRIPT_SANDBOXING = NO;
				FRAMEWORK_SEARCH_PATHS = "";
				GENERATE_INFOPLIST_FILE = YES;
				INFOPLIST_KEY_NSHumanReadableCopyright = "";
				INSTALL_PATH = "$(LOCAL_LIBRARY_DIR)/Frameworks";
				IPHONEOS_DEPLOYMENT_TARGET = 12.0;
				LD_RUNPATH_SEARCH_PATHS = (
					"$(inherited)",
					"@executable_path/Frameworks",
					"@loader_path/Frameworks",
				);
				MARKETING_VERSION = 1.0;
				MODULEMAP_FILE = Airborne/Airborne.modulemap;
				MODULE_VERIFIER_SUPPORTED_LANGUAGES = "objective-c objective-c++";
				MODULE_VERIFIER_SUPPORTED_LANGUAGE_STANDARDS = "gnu17 gnu++20";
				PRODUCT_BUNDLE_IDENTIFIER = in.juspay.Airborne;
				PRODUCT_NAME = "$(TARGET_NAME:c99extidentifier)";
				SKIP_INSTALL = YES;
				SWIFT_EMIT_LOC_STRINGS = YES;
				SWIFT_INSTALL_MODULE = YES;
				SWIFT_INSTALL_OBJC_HEADER = NO;
				SWIFT_VERSION = 5.0;
				TARGETED_DEVICE_FAMILY = "1,2";
			};
			name = Release;
		};
/* End XCBuildConfiguration section */

/* Begin XCConfigurationList section */
		DC76412D2E6194390028FCDA /* Build configuration list for PBXAggregateTarget "AirborneAggregate" */ = {
			isa = XCConfigurationList;
			buildConfigurations = (
				DC76412E2E6194390028FCDA /* Debug */,
				DC76412F2E6194390028FCDA /* Release */,
			);
			defaultConfigurationIsVisible = 0;
			defaultConfigurationName = Release;
		};
		DCB613F52E6191FB0099D87E /* Build configuration list for PBXProject "Airborne" */ = {
			isa = XCConfigurationList;
			buildConfigurations = (
				DCB614002E6191FB0099D87E /* Debug */,
				DCB614012E6191FB0099D87E /* Release */,
			);
			defaultConfigurationIsVisible = 0;
			defaultConfigurationName = Release;
		};
		DCB614022E6191FB0099D87E /* Build configuration list for PBXNativeTarget "Airborne" */ = {
			isa = XCConfigurationList;
			buildConfigurations = (
				DCB614032E6191FB0099D87E /* Debug */,
				DCB614042E6191FB0099D87E /* Release */,
			);
			defaultConfigurationIsVisible = 0;
			defaultConfigurationName = Release;
		};
/* End XCConfigurationList section */
	};
	rootObject = DCB613F22E6191FB0099D87E /* Project object */;
}
