// !$*UTF8*$!
{
	archiveVersion = 1;
	classes = {
	};
	objectVersion = 77;
	objects = {

/* Begin PBXAggregateTarget section */
		DC76412C2E6194390028FCDA /* AirborneAggregate */ = {
			isa = PBXAggregateTarget;
			buildConfigurationList = DC76412D2E6194390028FCDA /* Build configuration list for PBXAggregateTarget "AirborneAggregate" */;
			buildPhases = (
				DC7641312E61945B0028FCDA /* ShellScript */,
			);
			dependencies = (
			);
			name = AirborneAggregate;
			packageProductDependencies = (
			);
			productName = AirborneAggregate;
		};
/* End PBXAggregateTarget section */

/* Begin PBXBuildFile section */
		DC2400CF2E8BD5C50071EE0E /* AJPFileUtil.h in Headers */ = {isa = PBXBuildFile; fileRef = DC2400BC2E8BD5C50071EE0E /* AJPFileUtil.h */; settings = {ATTRIBUTES = (Public, ); }; };
		DC2400D02E8BD5C50071EE0E /* AJPApplicationManager.h in Headers */ = {isa = PBXBuildFile; fileRef = DC2400B72E8BD5C50071EE0E /* AJPApplicationManager.h */; settings = {ATTRIBUTES = (Public, ); }; };
		DC2400D12E8BD5C50071EE0E /* AJPNetworkClient.h in Headers */ = {isa = PBXBuildFile; fileRef = DC2400BE2E8BD5C50071EE0E /* AJPNetworkClient.h */; settings = {ATTRIBUTES = (Public, ); }; };
		DC2400D22E8BD5C50071EE0E /* AJPApplicationManagerDelegate.h in Headers */ = {isa = PBXBuildFile; fileRef = DC2400B82E8BD5C50071EE0E /* AJPApplicationManagerDelegate.h */; settings = {ATTRIBUTES = (Public, ); }; };
		DC2400D32E8BD5C50071EE0E /* AJPApplicationConstants.h in Headers */ = {isa = PBXBuildFile; fileRef = DC2400A32E8BD5C50071EE0E /* AJPApplicationConstants.h */; };
		DC2400D42E8BD5C50071EE0E /* AJPApplicationTracker.h in Headers */ = {isa = PBXBuildFile; fileRef = DC2400A62E8BD5C50071EE0E /* AJPApplicationTracker.h */; };
		DC2400D52E8BD5C50071EE0E /* AJPNetworkTypeDetector.h in Headers */ = {isa = PBXBuildFile; fileRef = DC2400C22E8BD5C50071EE0E /* AJPNetworkTypeDetector.h */; };
		DC2400D62E8BD5C50071EE0E /* Airborne.h in Headers */ = {isa = PBXBuildFile; fileRef = DC2400B52E8BD5C50071EE0E /* Airborne.h */; settings = {ATTRIBUTES = (Public, ); }; };
		DC2400D72E8BD5C50071EE0E /* AJPApplicationPackage.h in Headers */ = {isa = PBXBuildFile; fileRef = DC2400BA2E8BD5C50071EE0E /* AJPApplicationPackage.h */; settings = {ATTRIBUTES = (Public, ); }; };
		DC2400D82E8BD5C50071EE0E /* AJPHelpers.h in Headers */ = {isa = PBXBuildFile; fileRef = DC2400B22E8BD5C50071EE0E /* AJPHelpers.h */; };
		DC2400D92E8BD5C50071EE0E /* AJPRemoteFileUtil.h in Headers */ = {isa = PBXBuildFile; fileRef = DC2400BF2E8BD5C50071EE0E /* AJPRemoteFileUtil.h */; settings = {ATTRIBUTES = (Public, ); }; };
		DC2400DA2E8BD5C50071EE0E /* AJPResource.h in Headers */ = {isa = PBXBuildFile; fileRef = DC2400C02E8BD5C50071EE0E /* AJPResource.h */; settings = {ATTRIBUTES = (Public, ); }; };
		DC2400DB2E8BD5C50071EE0E /* AJPApplicationManifest.h in Headers */ = {isa = PBXBuildFile; fileRef = DC2400B92E8BD5C50071EE0E /* AJPApplicationManifest.h */; settings = {ATTRIBUTES = (Public, ); }; };
		DC2400DC2E8BD5C50071EE0E /* AJPLoggerDelegate.h in Headers */ = {isa = PBXBuildFile; fileRef = DC2400BD2E8BD5C50071EE0E /* AJPLoggerDelegate.h */; settings = {ATTRIBUTES = (Public, ); }; };
		DC2400DD2E8BD5C50071EE0E /* AJPApplicationConfig.h in Headers */ = {isa = PBXBuildFile; fileRef = DC2400B62E8BD5C50071EE0E /* AJPApplicationConfig.h */; settings = {ATTRIBUTES = (Public, ); }; };
		DC2400DE2E8BD5C50071EE0E /* AJPApplicationResources.h in Headers */ = {isa = PBXBuildFile; fileRef = DC2400BB2E8BD5C50071EE0E /* AJPApplicationResources.h */; settings = {ATTRIBUTES = (Public, ); }; };
		DC2400DF2E8BD5C50071EE0E /* AJPApplicationManager.m in Sources */ = {isa = PBXBuildFile; fileRef = DC2400AA2E8BD5C50071EE0E /* AJPApplicationManager.m */; };
		DC2400E02E8BD5C50071EE0E /* AJPApplicationManifest.m in Sources */ = {isa = PBXBuildFile; fileRef = DC2400AB2E8BD5C50071EE0E /* AJPApplicationManifest.m */; };
		DC2400E12E8BD5C50071EE0E /* AJPHelpers.m in Sources */ = {isa = PBXBuildFile; fileRef = DC2400B32E8BD5C50071EE0E /* AJPHelpers.m */; };
		DC2400E22E8BD5C50071EE0E /* AJPApplicationConfig.m in Sources */ = {isa = PBXBuildFile; fileRef = DC2400A92E8BD5C50071EE0E /* AJPApplicationConfig.m */; };
		DC2400E32E8BD5C50071EE0E /* AJPApplicationPackage.m in Sources */ = {isa = PBXBuildFile; fileRef = DC2400AC2E8BD5C50071EE0E /* AJPApplicationPackage.m */; };
		DC2400E42E8BD5C50071EE0E /* AJPNetworkClient.m in Sources */ = {isa = PBXBuildFile; fileRef = DC2400C52E8BD5C50071EE0E /* AJPNetworkClient.m */; };
		DC2400E62E8BD5C50071EE0E /* AJPResource.m in Sources */ = {isa = PBXBuildFile; fileRef = DC2400AE2E8BD5C50071EE0E /* AJPResource.m */; };
		DC2400E72E8BD5C50071EE0E /* AJPFileUtil.m in Sources */ = {isa = PBXBuildFile; fileRef = DC2400B02E8BD5C50071EE0E /* AJPFileUtil.m */; };
		DC2400E82E8BD5C50071EE0E /* AJPApplicationTracker.m in Sources */ = {isa = PBXBuildFile; fileRef = DC2400A72E8BD5C50071EE0E /* AJPApplicationTracker.m */; };
		DC2400E92E8BD5C50071EE0E /* AJPApplicationResources.m in Sources */ = {isa = PBXBuildFile; fileRef = DC2400AD2E8BD5C50071EE0E /* AJPApplicationResources.m */; };
		DC2400EA2E8BD5C50071EE0E /* AJPRemoteFileUtil.m in Sources */ = {isa = PBXBuildFile; fileRef = DC2400C62E8BD5C50071EE0E /* AJPRemoteFileUtil.m */; };
		DC2400EB2E8BD5C50071EE0E /* AJPApplicationConstants.m in Sources */ = {isa = PBXBuildFile; fileRef = DC2400A42E8BD5C50071EE0E /* AJPApplicationConstants.m */; };
		DC2400EC2E8BD5C50071EE0E /* AJPNetworkTypeDetector.m in Sources */ = {isa = PBXBuildFile; fileRef = DC2400C32E8BD5C50071EE0E /* AJPNetworkTypeDetector.m */; };
		DC2400ED2E8BD5C50071EE0E /* Airborne.swift in Sources */ = {isa = PBXBuildFile; fileRef = DC2400C92E8BD5C50071EE0E /* Airborne.swift */; };
/* End PBXBuildFile section */

/* Begin PBXFileReference section */
		DC2400A32E8BD5C50071EE0E /* AJPApplicationConstants.h */ = {isa = PBXFileReference; lastKnownFileType = sourcecode.c.h; path = AJPApplicationConstants.h; sourceTree = "<group>"; };
		DC2400A42E8BD5C50071EE0E /* AJPApplicationConstants.m */ = {isa = PBXFileReference; lastKnownFileType = sourcecode.c.objc; path = AJPApplicationConstants.m; sourceTree = "<group>"; };
		DC2400A62E8BD5C50071EE0E /* AJPApplicationTracker.h */ = {isa = PBXFileReference; lastKnownFileType = sourcecode.c.h; path = AJPApplicationTracker.h; sourceTree = "<group>"; };
		DC2400A72E8BD5C50071EE0E /* AJPApplicationTracker.m */ = {isa = PBXFileReference; lastKnownFileType = sourcecode.c.objc; path = AJPApplicationTracker.m; sourceTree = "<group>"; };
		DC2400A92E8BD5C50071EE0E /* AJPApplicationConfig.m */ = {isa = PBXFileReference; lastKnownFileType = sourcecode.c.objc; path = AJPApplicationConfig.m; sourceTree = "<group>"; };
		DC2400AA2E8BD5C50071EE0E /* AJPApplicationManager.m */ = {isa = PBXFileReference; lastKnownFileType = sourcecode.c.objc; path = AJPApplicationManager.m; sourceTree = "<group>"; };
		DC2400AB2E8BD5C50071EE0E /* AJPApplicationManifest.m */ = {isa = PBXFileReference; lastKnownFileType = sourcecode.c.objc; path = AJPApplicationManifest.m; sourceTree = "<group>"; };
		DC2400AC2E8BD5C50071EE0E /* AJPApplicationPackage.m */ = {isa = PBXFileReference; lastKnownFileType = sourcecode.c.objc; path = AJPApplicationPackage.m; sourceTree = "<group>"; };
		DC2400AD2E8BD5C50071EE0E /* AJPApplicationResources.m */ = {isa = PBXFileReference; lastKnownFileType = sourcecode.c.objc; path = AJPApplicationResources.m; sourceTree = "<group>"; };
		DC2400AE2E8BD5C50071EE0E /* AJPResource.m */ = {isa = PBXFileReference; lastKnownFileType = sourcecode.c.objc; path = AJPResource.m; sourceTree = "<group>"; };
		DC2400B02E8BD5C50071EE0E /* AJPFileUtil.m */ = {isa = PBXFileReference; lastKnownFileType = sourcecode.c.objc; path = AJPFileUtil.m; sourceTree = "<group>"; };
		DC2400B22E8BD5C50071EE0E /* AJPHelpers.h */ = {isa = PBXFileReference; lastKnownFileType = sourcecode.c.h; path = AJPHelpers.h; sourceTree = "<group>"; };
		DC2400B32E8BD5C50071EE0E /* AJPHelpers.m */ = {isa = PBXFileReference; lastKnownFileType = sourcecode.c.objc; path = AJPHelpers.m; sourceTree = "<group>"; };
		DC2400B52E8BD5C50071EE0E /* Airborne.h */ = {isa = PBXFileReference; lastKnownFileType = sourcecode.c.h; path = Airborne.h; sourceTree = "<group>"; };
		DC2400B62E8BD5C50071EE0E /* AJPApplicationConfig.h */ = {isa = PBXFileReference; lastKnownFileType = sourcecode.c.h; path = AJPApplicationConfig.h; sourceTree = "<group>"; };
		DC2400B72E8BD5C50071EE0E /* AJPApplicationManager.h */ = {isa = PBXFileReference; lastKnownFileType = sourcecode.c.h; path = AJPApplicationManager.h; sourceTree = "<group>"; };
		DC2400B82E8BD5C50071EE0E /* AJPApplicationManagerDelegate.h */ = {isa = PBXFileReference; lastKnownFileType = sourcecode.c.h; path = AJPApplicationManagerDelegate.h; sourceTree = "<group>"; };
		DC2400B92E8BD5C50071EE0E /* AJPApplicationManifest.h */ = {isa = PBXFileReference; lastKnownFileType = sourcecode.c.h; path = AJPApplicationManifest.h; sourceTree = "<group>"; };
		DC2400BA2E8BD5C50071EE0E /* AJPApplicationPackage.h */ = {isa = PBXFileReference; lastKnownFileType = sourcecode.c.h; path = AJPApplicationPackage.h; sourceTree = "<group>"; };
		DC2400BB2E8BD5C50071EE0E /* AJPApplicationResources.h */ = {isa = PBXFileReference; lastKnownFileType = sourcecode.c.h; path = AJPApplicationResources.h; sourceTree = "<group>"; };
		DC2400BC2E8BD5C50071EE0E /* AJPFileUtil.h */ = {isa = PBXFileReference; lastKnownFileType = sourcecode.c.h; path = AJPFileUtil.h; sourceTree = "<group>"; };
		DC2400BD2E8BD5C50071EE0E /* AJPLoggerDelegate.h */ = {isa = PBXFileReference; lastKnownFileType = sourcecode.c.h; path = AJPLoggerDelegate.h; sourceTree = "<group>"; };
		DC2400BE2E8BD5C50071EE0E /* AJPNetworkClient.h */ = {isa = PBXFileReference; lastKnownFileType = sourcecode.c.h; path = AJPNetworkClient.h; sourceTree = "<group>"; };
		DC2400BF2E8BD5C50071EE0E /* AJPRemoteFileUtil.h */ = {isa = PBXFileReference; lastKnownFileType = sourcecode.c.h; path = AJPRemoteFileUtil.h; sourceTree = "<group>"; };
		DC2400C02E8BD5C50071EE0E /* AJPResource.h */ = {isa = PBXFileReference; lastKnownFileType = sourcecode.c.h; path = AJPResource.h; sourceTree = "<group>"; };
		DC2400C22E8BD5C50071EE0E /* AJPNetworkTypeDetector.h */ = {isa = PBXFileReference; lastKnownFileType = sourcecode.c.h; path = AJPNetworkTypeDetector.h; sourceTree = "<group>"; };
		DC2400C32E8BD5C50071EE0E /* AJPNetworkTypeDetector.m */ = {isa = PBXFileReference; lastKnownFileType = sourcecode.c.objc; path = AJPNetworkTypeDetector.m; sourceTree = "<group>"; };
		DC2400C52E8BD5C50071EE0E /* AJPNetworkClient.m */ = {isa = PBXFileReference; lastKnownFileType = sourcecode.c.objc; path = AJPNetworkClient.m; sourceTree = "<group>"; };
		DC2400C62E8BD5C50071EE0E /* AJPRemoteFileUtil.m */ = {isa = PBXFileReference; lastKnownFileType = sourcecode.c.objc; path = AJPRemoteFileUtil.m; sourceTree = "<group>"; };
		DC2400C92E8BD5C50071EE0E /* Airborne.swift */ = {isa = PBXFileReference; lastKnownFileType = sourcecode.swift; path = Airborne.swift; sourceTree = "<group>"; };
		DC2400CD2E8BD5C50071EE0E /* Airborne.modulemap */ = {isa = PBXFileReference; lastKnownFileType = "sourcecode.module-map"; path = Airborne.modulemap; sourceTree = "<group>"; };
		DCB613FB2E6191FB0099D87E /* Airborne.framework */ = {isa = PBXFileReference; explicitFileType = wrapper.framework; includeInIndex = 0; path = Airborne.framework; sourceTree = BUILT_PRODUCTS_DIR; };
/* End PBXFileReference section */

/* Begin PBXFrameworksBuildPhase section */
		DCB613F82E6191FB0099D87E /* Frameworks */ = {
			isa = PBXFrameworksBuildPhase;
			buildActionMask = 2147483647;
			files = (
			);
			runOnlyForDeploymentPostprocessing = 0;
		};
/* End PBXFrameworksBuildPhase section */

/* Begin PBXGroup section */
		DC2400A52E8BD5C50071EE0E /* Constants */ = {
			isa = PBXGroup;
			children = (
				DC2400A32E8BD5C50071EE0E /* AJPApplicationConstants.h */,
				DC2400A42E8BD5C50071EE0E /* AJPApplicationConstants.m */,
			);
			path = Constants;
			sourceTree = "<group>";
		};
		DC2400A82E8BD5C50071EE0E /* Tracker */ = {
			isa = PBXGroup;
			children = (
				DC2400A62E8BD5C50071EE0E /* AJPApplicationTracker.h */,
				DC2400A72E8BD5C50071EE0E /* AJPApplicationTracker.m */,
			);
			path = Tracker;
			sourceTree = "<group>";
		};
		DC2400AF2E8BD5C50071EE0E /* ApplicationManager */ = {
			isa = PBXGroup;
			children = (
				DC2400A52E8BD5C50071EE0E /* Constants */,
				DC2400A82E8BD5C50071EE0E /* Tracker */,
				DC2400A92E8BD5C50071EE0E /* AJPApplicationConfig.m */,
				DC2400AA2E8BD5C50071EE0E /* AJPApplicationManager.m */,
				DC2400AB2E8BD5C50071EE0E /* AJPApplicationManifest.m */,
				DC2400AC2E8BD5C50071EE0E /* AJPApplicationPackage.m */,
				DC2400AD2E8BD5C50071EE0E /* AJPApplicationResources.m */,
				DC2400AE2E8BD5C50071EE0E /* AJPResource.m */,
			);
			path = ApplicationManager;
			sourceTree = "<group>";
		};
		DC2400B12E8BD5C50071EE0E /* FileUtil */ = {
			isa = PBXGroup;
			children = (
				DC2400B02E8BD5C50071EE0E /* AJPFileUtil.m */,
			);
			path = FileUtil;
			sourceTree = "<group>";
		};
		DC2400B42E8BD5C50071EE0E /* Helper */ = {
			isa = PBXGroup;
			children = (
				DC2400B22E8BD5C50071EE0E /* AJPHelpers.h */,
				DC2400B32E8BD5C50071EE0E /* AJPHelpers.m */,
			);
			path = Helper;
			sourceTree = "<group>";
		};
		DC2400C12E8BD5C50071EE0E /* include */ = {
			isa = PBXGroup;
			children = (
				DC2400B52E8BD5C50071EE0E /* Airborne.h */,
				DC2400B62E8BD5C50071EE0E /* AJPApplicationConfig.h */,
				DC2400B72E8BD5C50071EE0E /* AJPApplicationManager.h */,
				DC2400B82E8BD5C50071EE0E /* AJPApplicationManagerDelegate.h */,
				DC2400B92E8BD5C50071EE0E /* AJPApplicationManifest.h */,
				DC2400BA2E8BD5C50071EE0E /* AJPApplicationPackage.h */,
				DC2400BB2E8BD5C50071EE0E /* AJPApplicationResources.h */,
				DC2400BC2E8BD5C50071EE0E /* AJPFileUtil.h */,
				DC2400BD2E8BD5C50071EE0E /* AJPLoggerDelegate.h */,
				DC2400BE2E8BD5C50071EE0E /* AJPNetworkClient.h */,
				DC2400BF2E8BD5C50071EE0E /* AJPRemoteFileUtil.h */,
				DC2400C02E8BD5C50071EE0E /* AJPResource.h */,
			);
			path = include;
			sourceTree = "<group>";
		};
		DC2400C42E8BD5C50071EE0E /* NetworkDetector */ = {
			isa = PBXGroup;
			children = (
				DC2400C22E8BD5C50071EE0E /* AJPNetworkTypeDetector.h */,
				DC2400C32E8BD5C50071EE0E /* AJPNetworkTypeDetector.m */,
			);
			path = NetworkDetector;
			sourceTree = "<group>";
		};
		DC2400C72E8BD5C50071EE0E /* Network */ = {
			isa = PBXGroup;
			children = (
				DC2400C42E8BD5C50071EE0E /* NetworkDetector */,
				DC2400C52E8BD5C50071EE0E /* AJPNetworkClient.m */,
				DC2400C62E8BD5C50071EE0E /* AJPRemoteFileUtil.m */,
			);
			path = Network;
			sourceTree = "<group>";
		};
		DC2400C82E8BD5C50071EE0E /* AirborneObjC */ = {
			isa = PBXGroup;
			children = (
				DC2400AF2E8BD5C50071EE0E /* ApplicationManager */,
				DC2400B12E8BD5C50071EE0E /* FileUtil */,
				DC2400B42E8BD5C50071EE0E /* Helper */,
				DC2400C12E8BD5C50071EE0E /* include */,
				DC2400C72E8BD5C50071EE0E /* Network */,
			);
			path = AirborneObjC;
			sourceTree = "<group>";
		};
		DC2400CA2E8BD5C50071EE0E /* AirborneSwift */ = {
			isa = PBXGroup;
			children = (
				DC2400C92E8BD5C50071EE0E /* Airborne.swift */,
			);
			path = AirborneSwift;
			sourceTree = "<group>";
		};
		DC2400CE2E8BD5C50071EE0E /* Airborne */ = {
			isa = PBXGroup;
			children = (
				DC2400C82E8BD5C50071EE0E /* AirborneObjC */,
				DC2400CA2E8BD5C50071EE0E /* AirborneSwift */,
				DC2400CD2E8BD5C50071EE0E /* Airborne.modulemap */,
			);
			path = Airborne;
			sourceTree = "<group>";
		};
		DC7641262E6192BC0028FCDA /* Frameworks */ = {
			isa = PBXGroup;
			children = (
			);
			name = Frameworks;
			sourceTree = "<group>";
		};
		DCB613F12E6191FB0099D87E = {
			isa = PBXGroup;
			children = (
				DC2400CE2E8BD5C50071EE0E /* Airborne */,
				DC7641262E6192BC0028FCDA /* Frameworks */,
				DCB613FC2E6191FB0099D87E /* Products */,
			);
			sourceTree = "<group>";
		};
		DCB613FC2E6191FB0099D87E /* Products */ = {
			isa = PBXGroup;
			children = (
				DCB613FB2E6191FB0099D87E /* Airborne.framework */,
			);
			name = Products;
			sourceTree = "<group>";
		};
/* End PBXGroup section */

/* Begin PBXHeadersBuildPhase section */
		DCB613F62E6191FB0099D87E /* Headers */ = {
			isa = PBXHeadersBuildPhase;
			buildActionMask = 2147483647;
			files = (
				DC2400CF2E8BD5C50071EE0E /* AJPFileUtil.h in Headers */,
				DC2400D12E8BD5C50071EE0E /* AJPNetworkClient.h in Headers */,
				DC2400D02E8BD5C50071EE0E /* AJPApplicationManager.h in Headers */,
				DC2400D22E8BD5C50071EE0E /* AJPApplicationManagerDelegate.h in Headers */,
				DC2400D72E8BD5C50071EE0E /* AJPApplicationPackage.h in Headers */,
				DC2400D62E8BD5C50071EE0E /* Airborne.h in Headers */,
				DC2400D92E8BD5C50071EE0E /* AJPRemoteFileUtil.h in Headers */,
				DC2400DB2E8BD5C50071EE0E /* AJPApplicationManifest.h in Headers */,
				DC2400DC2E8BD5C50071EE0E /* AJPLoggerDelegate.h in Headers */,
				DC2400DD2E8BD5C50071EE0E /* AJPApplicationConfig.h in Headers */,
				DC2400DE2E8BD5C50071EE0E /* AJPApplicationResources.h in Headers */,
				DC2400DA2E8BD5C50071EE0E /* AJPResource.h in Headers */,
				DC2400D32E8BD5C50071EE0E /* AJPApplicationConstants.h in Headers */,
				DC2400D42E8BD5C50071EE0E /* AJPApplicationTracker.h in Headers */,
				DC2400D52E8BD5C50071EE0E /* AJPNetworkTypeDetector.h in Headers */,
				DC2400D82E8BD5C50071EE0E /* AJPHelpers.h in Headers */,
			);
			runOnlyForDeploymentPostprocessing = 0;
		};
/* End PBXHeadersBuildPhase section */

/* Begin PBXNativeTarget section */
		DCB613FA2E6191FB0099D87E /* Airborne */ = {
			isa = PBXNativeTarget;
			buildConfigurationList = DCB614022E6191FB0099D87E /* Build configuration list for PBXNativeTarget "Airborne" */;
			buildPhases = (
				DCB613F62E6191FB0099D87E /* Headers */,
				DCB613F72E6191FB0099D87E /* Sources */,
				DCB613F82E6191FB0099D87E /* Frameworks */,
				DCB613F92E6191FB0099D87E /* Resources */,
			);
			buildRules = (
			);
			dependencies = (
			);
			name = Airborne;
			packageProductDependencies = (
			);
			productName = Airborne;
			productReference = DCB613FB2E6191FB0099D87E /* Airborne.framework */;
			productType = "com.apple.product-type.framework";
		};
/* End PBXNativeTarget section */

/* Begin PBXProject section */
		DCB613F22E6191FB0099D87E /* Project object */ = {
			isa = PBXProject;
			attributes = {
				BuildIndependentTargetsInParallel = 1;
				LastSwiftUpdateCheck = 1640;
				LastUpgradeCheck = 1640;
				TargetAttributes = {
					DC76412C2E6194390028FCDA = {
						CreatedOnToolsVersion = 16.4;
					};
					DCB613FA2E6191FB0099D87E = {
						CreatedOnToolsVersion = 16.4;
					};
				};
			};
			buildConfigurationList = DCB613F52E6191FB0099D87E /* Build configuration list for PBXProject "Airborne" */;
			developmentRegion = en;
			hasScannedForEncodings = 0;
			knownRegions = (
				en,
				Base,
			);
			mainGroup = DCB613F12E6191FB0099D87E;
			minimizedProjectReferenceProxies = 1;
			preferredProjectObjectVersion = 77;
			productRefGroup = DCB613FC2E6191FB0099D87E /* Products */;
			projectDirPath = "";
			projectRoot = "";
			targets = (
				DCB613FA2E6191FB0099D87E /* Airborne */,
				DC76412C2E6194390028FCDA /* AirborneAggregate */,
			);
		};
/* End PBXProject section */

/* Begin PBXResourcesBuildPhase section */
		DCB613F92E6191FB0099D87E /* Resources */ = {
			isa = PBXResourcesBuildPhase;
			buildActionMask = 2147483647;
			files = (
			);
			runOnlyForDeploymentPostprocessing = 0;
		};
/* End PBXResourcesBuildPhase section */

/* Begin PBXShellScriptBuildPhase section */
		DC7641312E61945B0028FCDA /* ShellScript */ = {
			isa = PBXShellScriptBuildPhase;
			buildActionMask = 2147483647;
			files = (
			);
			inputFileListPaths = (
			);
			inputPaths = (
			);
			outputFileListPaths = (
			);
			outputPaths = (
			);
			runOnlyForDeploymentPostprocessing = 0;
			shellPath = /bin/sh;
			shellScript = "#!/bin/sh\nFRAMEWORK_NAME=\"Airborne\"\n\nFRAMEWORK=\"${UNIVERSAL_LIBRARY_DIR}/${FRAMEWORK_NAME}.framework\"\n\nOUTPUT_DIR=\"./${FRAMEWORK_NAME}-Framework\"\n\n# Clean and build the framework for the iOS simulator\nxcodebuild -project ${FRAMEWORK_NAME}.xcodeproj \\\n    -scheme ${FRAMEWORK_NAME} \\\n    -sdk iphonesimulator \\\n    -configuration ${CONFIGURATION} \\\n    -destination 'generic/platform=iOS Simulator' \\\n    clean build \\\n    CONFIGURATION_BUILD_DIR=${BUILD_DIR}/Release-iphonesimulator \\\n    -UseModernBuildSystem=YES > /dev/null\n\n# Clean and build the framework for iOS devices\nxcodebuild -project ${FRAMEWORK_NAME}.xcodeproj \\\n    -scheme ${FRAMEWORK_NAME} \\\n    -sdk iphoneos \\\n    -configuration ${CONFIGURATION} \\\n    -destination 'generic/platform=iOS' \\\n    build \\\n    CONFIGURATION_BUILD_DIR=${BUILD_DIR}/${CONFIGURATION}-iphoneos \\\n    -UseModernBuildSystem=YES > /dev/null\n\n# Remove any existing build directories\nrm -rf \"${BUILD_DIR}/iphone\"\nrm -rf \"${BUILD_DIR}/simulator\"\n\n# Create directories to hold device and simulator builds\nmkdir \"${BUILD_DIR}/iphone\"\nmkdir \"${BUILD_DIR}/simulator\"\n\nrm -rf ${BUILD_DIR}/${FRAMEWORK_NAME}.xcframework\ncp -r ${BUILD_DIR}/${CONFIGURATION}-iphoneos/${FRAMEWORK_NAME}.framework ${BUILD_DIR}/iphone/${FRAMEWORK_NAME}.framework\ncp -r ${BUILD_DIR}/${CONFIGURATION}-iphonesimulator/${FRAMEWORK_NAME}.framework ${BUILD_DIR}/simulator/${FRAMEWORK_NAME}.framework\n\n# Create an XCFramework from the device and simulator builds\nxcrun xcodebuild -create-xcframework -framework ${BUILD_DIR}/iphone/${FRAMEWORK_NAME}.framework -framework ${BUILD_DIR}/simulator/${FRAMEWORK_NAME}.framework -output ${BUILD_DIR}/${FRAMEWORK_NAME}.xcframework\n\nrm -rf \"$OUTPUT_DIR/${FRAMEWORK_NAME}.xcframework\"\nmkdir -p \"$OUTPUT_DIR\"\n\n# Copy the XCFramework to the output directory\ncp -r ${BUILD_DIR}/${FRAMEWORK_NAME}.xcframework ${OUTPUT_DIR}\n\nopen \"${OUTPUT_DIR}\"\n\n";
		};
/* End PBXShellScriptBuildPhase section */

/* Begin PBXSourcesBuildPhase section */
		DCB613F72E6191FB0099D87E /* Sources */ = {
			isa = PBXSourcesBuildPhase;
			buildActionMask = 2147483647;
			files = (
				DC2400DF2E8BD5C50071EE0E /* AJPApplicationManager.m in Sources */,
				DC2400E02E8BD5C50071EE0E /* AJPApplicationManifest.m in Sources */,
				DC2400E12E8BD5C50071EE0E /* AJPHelpers.m in Sources */,
				DC2400E22E8BD5C50071EE0E /* AJPApplicationConfig.m in Sources */,
				DC2400E32E8BD5C50071EE0E /* AJPApplicationPackage.m in Sources */,
				DC2400E42E8BD5C50071EE0E /* AJPNetworkClient.m in Sources */,
				DC2400E62E8BD5C50071EE0E /* AJPResource.m in Sources */,
				DC2400E72E8BD5C50071EE0E /* AJPFileUtil.m in Sources */,
				DC2400E82E8BD5C50071EE0E /* AJPApplicationTracker.m in Sources */,
				DC2400E92E8BD5C50071EE0E /* AJPApplicationResources.m in Sources */,
				DC2400EA2E8BD5C50071EE0E /* AJPRemoteFileUtil.m in Sources */,
				DC2400EB2E8BD5C50071EE0E /* AJPApplicationConstants.m in Sources */,
				DC2400EC2E8BD5C50071EE0E /* AJPNetworkTypeDetector.m in Sources */,
				DC2400ED2E8BD5C50071EE0E /* Airborne.swift in Sources */,
			);
			runOnlyForDeploymentPostprocessing = 0;
		};
/* End PBXSourcesBuildPhase section */

/* Begin XCBuildConfiguration section */
		55C812282E9E265F00FF30DE /* Local */ = {
			isa = XCBuildConfiguration;
			buildSettings = {
				ALWAYS_SEARCH_USER_PATHS = NO;
				ASSETCATALOG_COMPILER_GENERATE_SWIFT_ASSET_SYMBOL_EXTENSIONS = YES;
				CLANG_ANALYZER_NONNULL = YES;
				CLANG_ANALYZER_NUMBER_OBJECT_CONVERSION = YES_AGGRESSIVE;
				CLANG_CXX_LANGUAGE_STANDARD = "gnu++20";
				CLANG_ENABLE_MODULES = YES;
				CLANG_ENABLE_OBJC_ARC = YES;
				CLANG_ENABLE_OBJC_WEAK = YES;
				CLANG_WARN_BLOCK_CAPTURE_AUTORELEASING = YES;
				CLANG_WARN_BOOL_CONVERSION = YES;
				CLANG_WARN_COMMA = YES;
				CLANG_WARN_CONSTANT_CONVERSION = YES;
				CLANG_WARN_DEPRECATED_OBJC_IMPLEMENTATIONS = YES;
				CLANG_WARN_DIRECT_OBJC_ISA_USAGE = YES_ERROR;
				CLANG_WARN_DOCUMENTATION_COMMENTS = YES;
				CLANG_WARN_EMPTY_BODY = YES;
				CLANG_WARN_ENUM_CONVERSION = YES;
				CLANG_WARN_INFINITE_RECURSION = YES;
				CLANG_WARN_INT_CONVERSION = YES;
				CLANG_WARN_NON_LITERAL_NULL_CONVERSION = YES;
				CLANG_WARN_OBJC_IMPLICIT_RETAIN_SELF = YES;
				CLANG_WARN_OBJC_LITERAL_CONVERSION = YES;
				CLANG_WARN_OBJC_ROOT_CLASS = YES_ERROR;
				CLANG_WARN_QUOTED_INCLUDE_IN_FRAMEWORK_HEADER = YES;
				CLANG_WARN_RANGE_LOOP_ANALYSIS = YES;
				CLANG_WARN_STRICT_PROTOTYPES = YES;
				CLANG_WARN_SUSPICIOUS_MOVE = YES;
				CLANG_WARN_UNGUARDED_AVAILABILITY = YES_AGGRESSIVE;
				CLANG_WARN_UNREACHABLE_CODE = YES;
				CLANG_WARN__DUPLICATE_METHOD_MATCH = YES;
				COPY_PHASE_STRIP = NO;
				CURRENT_PROJECT_VERSION = 1;
				DEBUG_INFORMATION_FORMAT = dwarf;
				ENABLE_STRICT_OBJC_MSGSEND = YES;
				ENABLE_TESTABILITY = YES;
				ENABLE_USER_SCRIPT_SANDBOXING = YES;
				GCC_C_LANGUAGE_STANDARD = gnu17;
				GCC_DYNAMIC_NO_PIC = NO;
				GCC_NO_COMMON_BLOCKS = YES;
				GCC_OPTIMIZATION_LEVEL = 0;
				GCC_PREPROCESSOR_DEFINITIONS = (
					"DEBUG=1",
					"$(inherited)",
				);
				GCC_WARN_64_TO_32_BIT_CONVERSION = YES;
				GCC_WARN_ABOUT_RETURN_TYPE = YES_ERROR;
				GCC_WARN_UNDECLARED_SELECTOR = YES;
				GCC_WARN_UNINITIALIZED_AUTOS = YES_AGGRESSIVE;
				GCC_WARN_UNUSED_FUNCTION = YES;
				GCC_WARN_UNUSED_VARIABLE = YES;
				IPHONEOS_DEPLOYMENT_TARGET = 12.0;
				LOCALIZATION_PREFERS_STRING_CATALOGS = YES;
				MTL_ENABLE_DEBUG_INFO = INCLUDE_SOURCE;
				MTL_FAST_MATH = YES;
				ONLY_ACTIVE_ARCH = YES;
				SDKROOT = iphoneos;
				SWIFT_ACTIVE_COMPILATION_CONDITIONS = "DEBUG $(inherited)";
				SWIFT_OPTIMIZATION_LEVEL = "-Onone";
				VERSIONING_SYSTEM = "apple-generic";
				VERSION_INFO_PREFIX = "";
			};
			name = Local;
		};
		55C812292E9E265F00FF30DE /* Local */ = {
			isa = XCBuildConfiguration;
			buildSettings = {
				BUILD_LIBRARY_FOR_DISTRIBUTION = YES;
				CODE_SIGN_STYLE = Automatic;
				CURRENT_PROJECT_VERSION = 1;
				DEFINES_MODULE = YES;
				DYLIB_COMPATIBILITY_VERSION = 1;
				DYLIB_CURRENT_VERSION = 1;
				DYLIB_INSTALL_NAME_BASE = "@rpath";
				ENABLE_MODULE_VERIFIER = YES;
				ENABLE_USER_SCRIPT_SANDBOXING = NO;
				FRAMEWORK_SEARCH_PATHS = "";
				GENERATE_INFOPLIST_FILE = YES;
				INFOPLIST_KEY_NSHumanReadableCopyright = "";
				INSTALL_PATH = "$(LOCAL_LIBRARY_DIR)/Frameworks";
				IPHONEOS_DEPLOYMENT_TARGET = 12.0;
				LD_RUNPATH_SEARCH_PATHS = (
					"$(inherited)",
					"@executable_path/Frameworks",
					"@loader_path/Frameworks",
				);
				MARKETING_VERSION = 1.0;
				MODULEMAP_FILE = Airborne/Airborne.modulemap;
				MODULE_VERIFIER_SUPPORTED_LANGUAGES = "objective-c objective-c++";
				MODULE_VERIFIER_SUPPORTED_LANGUAGE_STANDARDS = "gnu17 gnu++20";
				PRODUCT_BUNDLE_IDENTIFIER = in.juspay.Airborne;
				PRODUCT_NAME = "$(TARGET_NAME:c99extidentifier)";
				SKIP_INSTALL = YES;
				SWIFT_EMIT_LOC_STRINGS = YES;
				SWIFT_INSTALL_MODULE = YES;
				SWIFT_INSTALL_OBJC_HEADER = YES;
				SWIFT_VERSION = 5.0;
				TARGETED_DEVICE_FAMILY = "1,2";
			};
			name = Local;
		};
		55C8122A2E9E265F00FF30DE /* Local */ = {
			isa = XCBuildConfiguration;
			buildSettings = {
				CODE_SIGN_STYLE = Automatic;
				ENABLE_USER_SCRIPT_SANDBOXING = NO;
				PRODUCT_NAME = "$(TARGET_NAME)";
			};
			name = Local;
		};
		DC76412E2E6194390028FCDA /* Debug */ = {
			isa = XCBuildConfiguration;
			buildSettings = {
				CODE_SIGN_STYLE = Automatic;
				ENABLE_USER_SCRIPT_SANDBOXING = NO;
				PRODUCT_NAME = "$(TARGET_NAME)";
			};
			name = Debug;
		};
		DC76412F2E6194390028FCDA /* Release */ = {
			isa = XCBuildConfiguration;
			buildSettings = {
				CODE_SIGN_STYLE = Automatic;
				ENABLE_USER_SCRIPT_SANDBOXING = NO;
				PRODUCT_NAME = "$(TARGET_NAME)";
			};
			name = Release;
		};
		DCB614002E6191FB0099D87E /* Debug */ = {
			isa = XCBuildConfiguration;
			buildSettings = {
				ALWAYS_SEARCH_USER_PATHS = NO;
				ASSETCATALOG_COMPILER_GENERATE_SWIFT_ASSET_SYMBOL_EXTENSIONS = YES;
				CLANG_ANALYZER_NONNULL = YES;
				CLANG_ANALYZER_NUMBER_OBJECT_CONVERSION = YES_AGGRESSIVE;
				CLANG_CXX_LANGUAGE_STANDARD = "gnu++20";
				CLANG_ENABLE_MODULES = YES;
				CLANG_ENABLE_OBJC_ARC = YES;
				CLANG_ENABLE_OBJC_WEAK = YES;
				CLANG_WARN_BLOCK_CAPTURE_AUTORELEASING = YES;
				CLANG_WARN_BOOL_CONVERSION = YES;
				CLANG_WARN_COMMA = YES;
				CLANG_WARN_CONSTANT_CONVERSION = YES;
				CLANG_WARN_DEPRECATED_OBJC_IMPLEMENTATIONS = YES;
				CLANG_WARN_DIRECT_OBJC_ISA_USAGE = YES_ERROR;
				CLANG_WARN_DOCUMENTATION_COMMENTS = YES;
				CLANG_WARN_EMPTY_BODY = YES;
				CLANG_WARN_ENUM_CONVERSION = YES;
				CLANG_WARN_INFINITE_RECURSION = YES;
				CLANG_WARN_INT_CONVERSION = YES;
				CLANG_WARN_NON_LITERAL_NULL_CONVERSION = YES;
				CLANG_WARN_OBJC_IMPLICIT_RETAIN_SELF = YES;
				CLANG_WARN_OBJC_LITERAL_CONVERSION = YES;
				CLANG_WARN_OBJC_ROOT_CLASS = YES_ERROR;
				CLANG_WARN_QUOTED_INCLUDE_IN_FRAMEWORK_HEADER = YES;
				CLANG_WARN_RANGE_LOOP_ANALYSIS = YES;
				CLANG_WARN_STRICT_PROTOTYPES = YES;
				CLANG_WARN_SUSPICIOUS_MOVE = YES;
				CLANG_WARN_UNGUARDED_AVAILABILITY = YES_AGGRESSIVE;
				CLANG_WARN_UNREACHABLE_CODE = YES;
				CLANG_WARN__DUPLICATE_METHOD_MATCH = YES;
				COPY_PHASE_STRIP = NO;
				CURRENT_PROJECT_VERSION = 1;
				DEBUG_INFORMATION_FORMAT = dwarf;
				ENABLE_STRICT_OBJC_MSGSEND = YES;
				ENABLE_TESTABILITY = YES;
				ENABLE_USER_SCRIPT_SANDBOXING = YES;
				GCC_C_LANGUAGE_STANDARD = gnu17;
				GCC_DYNAMIC_NO_PIC = NO;
				GCC_NO_COMMON_BLOCKS = YES;
				GCC_OPTIMIZATION_LEVEL = 0;
				GCC_PREPROCESSOR_DEFINITIONS = (
					"DEBUG=1",
					"$(inherited)",
				);
				GCC_WARN_64_TO_32_BIT_CONVERSION = YES;
				GCC_WARN_ABOUT_RETURN_TYPE = YES_ERROR;
				GCC_WARN_UNDECLARED_SELECTOR = YES;
				GCC_WARN_UNINITIALIZED_AUTOS = YES_AGGRESSIVE;
				GCC_WARN_UNUSED_FUNCTION = YES;
				GCC_WARN_UNUSED_VARIABLE = YES;
				IPHONEOS_DEPLOYMENT_TARGET = 12.0;
				LOCALIZATION_PREFERS_STRING_CATALOGS = YES;
				MTL_ENABLE_DEBUG_INFO = INCLUDE_SOURCE;
				MTL_FAST_MATH = YES;
				ONLY_ACTIVE_ARCH = YES;
				SDKROOT = iphoneos;
				SWIFT_ACTIVE_COMPILATION_CONDITIONS = "DEBUG $(inherited)";
				SWIFT_OPTIMIZATION_LEVEL = "-Onone";
				VERSIONING_SYSTEM = "apple-generic";
				VERSION_INFO_PREFIX = "";
			};
			name = Debug;
		};
		DCB614012E6191FB0099D87E /* Release */ = {
			isa = XCBuildConfiguration;
			buildSettings = {
				ALWAYS_SEARCH_USER_PATHS = NO;
				ASSETCATALOG_COMPILER_GENERATE_SWIFT_ASSET_SYMBOL_EXTENSIONS = YES;
				CLANG_ANALYZER_NONNULL = YES;
				CLANG_ANALYZER_NUMBER_OBJECT_CONVERSION = YES_AGGRESSIVE;
				CLANG_CXX_LANGUAGE_STANDARD = "gnu++20";
				CLANG_ENABLE_MODULES = YES;
				CLANG_ENABLE_OBJC_ARC = YES;
				CLANG_ENABLE_OBJC_WEAK = YES;
				CLANG_WARN_BLOCK_CAPTURE_AUTORELEASING = YES;
				CLANG_WARN_BOOL_CONVERSION = YES;
				CLANG_WARN_COMMA = YES;
				CLANG_WARN_CONSTANT_CONVERSION = YES;
				CLANG_WARN_DEPRECATED_OBJC_IMPLEMENTATIONS = YES;
				CLANG_WARN_DIRECT_OBJC_ISA_USAGE = YES_ERROR;
				CLANG_WARN_DOCUMENTATION_COMMENTS = YES;
				CLANG_WARN_EMPTY_BODY = YES;
				CLANG_WARN_ENUM_CONVERSION = YES;
				CLANG_WARN_INFINITE_RECURSION = YES;
				CLANG_WARN_INT_CONVERSION = YES;
				CLANG_WARN_NON_LITERAL_NULL_CONVERSION = YES;
				CLANG_WARN_OBJC_IMPLICIT_RETAIN_SELF = YES;
				CLANG_WARN_OBJC_LITERAL_CONVERSION = YES;
				CLANG_WARN_OBJC_ROOT_CLASS = YES_ERROR;
				CLANG_WARN_QUOTED_INCLUDE_IN_FRAMEWORK_HEADER = YES;
				CLANG_WARN_RANGE_LOOP_ANALYSIS = YES;
				CLANG_WARN_STRICT_PROTOTYPES = YES;
				CLANG_WARN_SUSPICIOUS_MOVE = YES;
				CLANG_WARN_UNGUARDED_AVAILABILITY = YES_AGGRESSIVE;
				CLANG_WARN_UNREACHABLE_CODE = YES;
				CLANG_WARN__DUPLICATE_METHOD_MATCH = YES;
				COPY_PHASE_STRIP = NO;
				CURRENT_PROJECT_VERSION = 1;
				DEBUG_INFORMATION_FORMAT = "dwarf-with-dsym";
				ENABLE_NS_ASSERTIONS = NO;
				ENABLE_STRICT_OBJC_MSGSEND = YES;
				ENABLE_USER_SCRIPT_SANDBOXING = YES;
				GCC_C_LANGUAGE_STANDARD = gnu17;
				GCC_NO_COMMON_BLOCKS = YES;
				GCC_WARN_64_TO_32_BIT_CONVERSION = YES;
				GCC_WARN_ABOUT_RETURN_TYPE = YES_ERROR;
				GCC_WARN_UNDECLARED_SELECTOR = YES;
				GCC_WARN_UNINITIALIZED_AUTOS = YES_AGGRESSIVE;
				GCC_WARN_UNUSED_FUNCTION = YES;
				GCC_WARN_UNUSED_VARIABLE = YES;
				IPHONEOS_DEPLOYMENT_TARGET = 12.0;
				LOCALIZATION_PREFERS_STRING_CATALOGS = YES;
				MTL_ENABLE_DEBUG_INFO = NO;
				MTL_FAST_MATH = YES;
				SDKROOT = iphoneos;
				SWIFT_COMPILATION_MODE = wholemodule;
				VALIDATE_PRODUCT = YES;
				VERSIONING_SYSTEM = "apple-generic";
				VERSION_INFO_PREFIX = "";
			};
			name = Release;
		};
		DCB614032E6191FB0099D87E /* Debug */ = {
			isa = XCBuildConfiguration;
			buildSettings = {
				BUILD_LIBRARY_FOR_DISTRIBUTION = YES;
				CODE_SIGN_STYLE = Automatic;
				CURRENT_PROJECT_VERSION = 1;
				DEFINES_MODULE = YES;
				DYLIB_COMPATIBILITY_VERSION = 1;
				DYLIB_CURRENT_VERSION = 1;
				DYLIB_INSTALL_NAME_BASE = "@rpath";
				ENABLE_MODULE_VERIFIER = YES;
				ENABLE_USER_SCRIPT_SANDBOXING = NO;
				FRAMEWORK_SEARCH_PATHS = "";
				GENERATE_INFOPLIST_FILE = YES;
				INFOPLIST_KEY_NSHumanReadableCopyright = "";
				INSTALL_PATH = "$(LOCAL_LIBRARY_DIR)/Frameworks";
				IPHONEOS_DEPLOYMENT_TARGET = 12.0;
				LD_RUNPATH_SEARCH_PATHS = (
					"$(inherited)",
					"@executable_path/Frameworks",
					"@loader_path/Frameworks",
				);
				MARKETING_VERSION = 1.0;
				MODULEMAP_FILE = Airborne/Airborne.modulemap;
				MODULE_VERIFIER_SUPPORTED_LANGUAGES = "objective-c objective-c++";
				MODULE_VERIFIER_SUPPORTED_LANGUAGE_STANDARDS = "gnu17 gnu++20";
				PRODUCT_BUNDLE_IDENTIFIER = in.juspay.Airborne;
				PRODUCT_NAME = "$(TARGET_NAME:c99extidentifier)";
				SKIP_INSTALL = YES;
				SWIFT_EMIT_LOC_STRINGS = YES;
				SWIFT_INSTALL_MODULE = YES;
				SWIFT_INSTALL_OBJC_HEADER = YES;
				SWIFT_VERSION = 5.0;
				TARGETED_DEVICE_FAMILY = "1,2";
			};
			name = Debug;
		};
		DCB614042E6191FB0099D87E /* Release */ = {
			isa = XCBuildConfiguration;
			buildSettings = {
				BUILD_LIBRARY_FOR_DISTRIBUTION = YES;
				CODE_SIGN_STYLE = Automatic;
				CURRENT_PROJECT_VERSION = 1;
				DEFINES_MODULE = YES;
				DYLIB_COMPATIBILITY_VERSION = 1;
				DYLIB_CURRENT_VERSION = 1;
				DYLIB_INSTALL_NAME_BASE = "@rpath";
				ENABLE_MODULE_VERIFIER = YES;
				ENABLE_USER_SCRIPT_SANDBOXING = NO;
				FRAMEWORK_SEARCH_PATHS = "";
				GENERATE_INFOPLIST_FILE = YES;
				INFOPLIST_KEY_NSHumanReadableCopyright = "";
				INSTALL_PATH = "$(LOCAL_LIBRARY_DIR)/Frameworks";
				IPHONEOS_DEPLOYMENT_TARGET = 12.0;
				LD_RUNPATH_SEARCH_PATHS = (
					"$(inherited)",
					"@executable_path/Frameworks",
					"@loader_path/Frameworks",
				);
				MARKETING_VERSION = 1.0;
				MODULEMAP_FILE = Airborne/Airborne.modulemap;
				MODULE_VERIFIER_SUPPORTED_LANGUAGES = "objective-c objective-c++";
				MODULE_VERIFIER_SUPPORTED_LANGUAGE_STANDARDS = "gnu17 gnu++20";
				PRODUCT_BUNDLE_IDENTIFIER = in.juspay.Airborne;
				PRODUCT_NAME = "$(TARGET_NAME:c99extidentifier)";
				SKIP_INSTALL = YES;
				SWIFT_EMIT_LOC_STRINGS = YES;
				SWIFT_INSTALL_MODULE = YES;
				SWIFT_INSTALL_OBJC_HEADER = YES;
				SWIFT_VERSION = 5.0;
				TARGETED_DEVICE_FAMILY = "1,2";
			};
			name = Release;
		};
/* End XCBuildConfiguration section */

/* Begin XCConfigurationList section */
		DC76412D2E6194390028FCDA /* Build configuration list for PBXAggregateTarget "AirborneAggregate" */ = {
			isa = XCConfigurationList;
			buildConfigurations = (
				DC76412E2E6194390028FCDA /* Debug */,
				55C8122A2E9E265F00FF30DE /* Local */,
				DC76412F2E6194390028FCDA /* Release */,
			);
			defaultConfigurationIsVisible = 0;
			defaultConfigurationName = Release;
		};
		DCB613F52E6191FB0099D87E /* Build configuration list for PBXProject "Airborne" */ = {
			isa = XCConfigurationList;
			buildConfigurations = (
				DCB614002E6191FB0099D87E /* Debug */,
				55C812282E9E265F00FF30DE /* Local */,
				DCB614012E6191FB0099D87E /* Release */,
			);
			defaultConfigurationIsVisible = 0;
			defaultConfigurationName = Release;
		};
		DCB614022E6191FB0099D87E /* Build configuration list for PBXNativeTarget "Airborne" */ = {
			isa = XCConfigurationList;
			buildConfigurations = (
				DCB614032E6191FB0099D87E /* Debug */,
				55C812292E9E265F00FF30DE /* Local */,
				DCB614042E6191FB0099D87E /* Release */,
			);
			defaultConfigurationIsVisible = 0;
			defaultConfigurationName = Release;
		};
/* End XCConfigurationList section */
	};
	rootObject = DCB613F22E6191FB0099D87E /* Project object */;
}
